
Microsoft Visual Studio Solution File, Format Version 12.00
# Visual Studio 15
VisualStudioVersion = 15.0.26730.16
MinimumVisualStudioVersion = 10.0.40219.1
Project("{FAE04EC0-301F-11D3-BF4B-00C04F79EFBC}") = "autonet.addons", "autonet\autonet.addons.csproj", "{25D3F6F7-E0D5-4F67-A50D-CAF413525814}"
EndProject
Project("{D954291E-2A0B-460D-934E-DC6B0785DB48}") = "Newtonsoft.Json.10.3", "External Libraries\Newtonsoft.Json\Newtonsoft.Json.10.3.shproj", "{7F70DBA0-49F6-4585-8AF4-A89A0C026C7F}"
EndProject
Project("{FAE04EC0-301F-11D3-BF4B-00C04F79EFBC}") = "LispDebugAssistant", "LispDebugAssistant\LispDebugAssistant.csproj", "{1F2E333E-32EA-4FFF-95DB-F1FFC48F7B41}"
EndProject
Project("{D954291E-2A0B-460D-934E-DC6B0785DB48}") = "autonet.shared", "Shared\autonet.shared\autonet.shared.shproj", "{C505A428-7E71-489C-8BF3-E17DABF063CE}"
EndProject
Project("{2150E333-8FDC-42A3-9474-1A3956D46DE8}") = "Shared", "Shared", "{736854AD-947D-4C53-8BA5-065FBCE091BF}"
EndProject
Project("{D954291E-2A0B-460D-934E-DC6B0785DB48}") = "autonet.addons", "Shared\autonet.addons\autonet.addons.shproj", "{4F5D0292-419F-4603-B490-BAF7EF257612}"
EndProject
Project("{2150E333-8FDC-42A3-9474-1A3956D46DE8}") = "Resources", "Resources", "{1E0BE153-99E5-4EE3-A62E-72262532DC98}"
EndProject
Global
	GlobalSection(SharedMSBuildProjectFiles) = preSolution
		External Libraries\Newtonsoft.Json\Newtonsoft.Json.projitems*{1f2e333e-32ea-4fff-95db-f1ffc48f7b41}*SharedItemsImports = 4
		Shared\autonet.shared\autonet.shared.projitems*{1f2e333e-32ea-4fff-95db-f1ffc48f7b41}*SharedItemsImports = 4
		Shared\autonet.addons\autonet.addons.projitems*{25d3f6f7-e0d5-4f67-a50d-caf413525814}*SharedItemsImports = 4
		Shared\autonet.shared\autonet.shared.projitems*{25d3f6f7-e0d5-4f67-a50d-caf413525814}*SharedItemsImports = 4
		Shared\autonet.addons\autonet.addons.projitems*{4f5d0292-419f-4603-b490-baf7ef257612}*SharedItemsImports = 13
		External Libraries\Newtonsoft.Json\Newtonsoft.Json.projitems*{7f70dba0-49f6-4585-8af4-a89a0c026c7f}*SharedItemsImports = 13
		Shared\autonet.shared\autonet.shared.projitems*{c505a428-7e71-489c-8bf3-e17dabf063ce}*SharedItemsImports = 13
	EndGlobalSection
	GlobalSection(SolutionConfigurationPlatforms) = preSolution
		Debug 2013|Any CPU = Debug 2013|Any CPU
		Debug|Any CPU = Debug|Any CPU
		Release 2013|Any CPU = Release 2013|Any CPU
		Release|Any CPU = Release|Any CPU
	EndGlobalSection
	GlobalSection(ProjectConfigurationPlatforms) = postSolution
		{25D3F6F7-E0D5-4F67-A50D-CAF413525814}.Debug 2013|Any CPU.ActiveCfg = Debug 2013|Any CPU
		{25D3F6F7-E0D5-4F67-A50D-CAF413525814}.Debug 2013|Any CPU.Build.0 = Debug 2013|Any CPU
		{25D3F6F7-E0D5-4F67-A50D-CAF413525814}.Debug|Any CPU.ActiveCfg = Debug|Any CPU
		{25D3F6F7-E0D5-4F67-A50D-CAF413525814}.Debug|Any CPU.Build.0 = Debug|Any CPU
		{25D3F6F7-E0D5-4F67-A50D-CAF413525814}.Release 2013|Any CPU.ActiveCfg = Release 2013|Any CPU
		{25D3F6F7-E0D5-4F67-A50D-CAF413525814}.Release 2013|Any CPU.Build.0 = Release 2013|Any CPU
		{25D3F6F7-E0D5-4F67-A50D-CAF413525814}.Release|Any CPU.ActiveCfg = Release|Any CPU
		{25D3F6F7-E0D5-4F67-A50D-CAF413525814}.Release|Any CPU.Build.0 = Release|Any CPU
		{1F2E333E-32EA-4FFF-95DB-F1FFC48F7B41}.Debug 2013|Any CPU.ActiveCfg = Debug 2013|Any CPU
		{1F2E333E-32EA-4FFF-95DB-F1FFC48F7B41}.Debug 2013|Any CPU.Build.0 = Debug 2013|Any CPU
		{1F2E333E-32EA-4FFF-95DB-F1FFC48F7B41}.Debug|Any CPU.ActiveCfg = Debug|Any CPU
		{1F2E333E-32EA-4FFF-95DB-F1FFC48F7B41}.Debug|Any CPU.Build.0 = Debug|Any CPU
		{1F2E333E-32EA-4FFF-95DB-F1FFC48F7B41}.Release 2013|Any CPU.ActiveCfg = Release 2013|Any CPU
		{1F2E333E-32EA-4FFF-95DB-F1FFC48F7B41}.Release 2013|Any CPU.Build.0 = Release 2013|Any CPU
		{1F2E333E-32EA-4FFF-95DB-F1FFC48F7B41}.Release|Any CPU.ActiveCfg = Release|Any CPU
		{1F2E333E-32EA-4FFF-95DB-F1FFC48F7B41}.Release|Any CPU.Build.0 = Release|Any CPU
	EndGlobalSection
	GlobalSection(SolutionProperties) = preSolution
		HideSolutionNode = FALSE
	EndGlobalSection
	GlobalSection(NestedProjects) = preSolution
		{7F70DBA0-49F6-4585-8AF4-A89A0C026C7F} = {736854AD-947D-4C53-8BA5-065FBCE091BF}
		{C505A428-7E71-489C-8BF3-E17DABF063CE} = {736854AD-947D-4C53-8BA5-065FBCE091BF}
		{4F5D0292-419F-4603-B490-BAF7EF257612} = {736854AD-947D-4C53-8BA5-065FBCE091BF}
	EndGlobalSection
	GlobalSection(ExtensibilityGlobals) = postSolution
		SolutionGuid = {49700E50-504E-4C7F-A29D-D8D7E19793A8}
	EndGlobalSection
EndGlobal
